{
  "object": {
    "pins": [
      {
        "package": "InsteonMessage",
        "repositoryURL": "https://github.com/brandtdaniels/InsteonMessage",
        "state": {
          "branch": null,
          "revision": "60006c7daf0ffde5dde9e02a034788a5cdaa96ab",
          "version": "0.1.2"
        }
      },
      {
        "package": "InsteonSerialCommand",
        "repositoryURL": "https://github.com/brandtdaniels/InsteonSerialCommand",
        "state": {
          "branch": null,
          "revision": "4f95ba9ee38baa2c96b44124a07ccac28a571546",
          "version": "0.1.3"
        }
      },
      {
        "package": "RequestClient",
        "repositoryURL": "https://github.com/brandtdaniels/RequestClient",
        "state": {
          "branch": null,
          "revision": "e6e68e7b614f48f0d30d593a22b049b31116f4ae",
          "version": "0.1.0"
        }
      }
    ]
  },
  "version": 1
}
